github.com/davecgh/go-spew v1.1.1 h1:vj9j/u1bqnvCEfJOwUhtlOARqs3+rkHYY13jYWTU97c=
github.com/davecgh/go-spew v1.1.1/go.mod h1:J7Y8YcW2NihsgmVo/mv3lAwl/skON4iLHjSsI+c5H38=
github.com/disgoorg/disgo v0.13.7 h1:vvgZ47VLaIRN1PQAdRBOXiXj99joTnRNTI0oIDyw/lE=
github.com/disgoorg/disgo v0.13.7/go.mod h1:Cyip4bCYHD3rHgDhBPT9cLo81e9AMbDe8ocM50UNRM4=
github.com/disgoorg/handler v0.1.0 h1:KNtqIQxyt6/fz+RCT+4p07owXCMIxqXIl0q3H455nMc=
github.com/disgoorg/handler v0.1.0/go.mod h1:Lp8lLVxuiZmyMDAiB6LprAjmJyIpreFGAdcqSs8AcOI=
github.com/disgoorg/log v1.2.0 h1:sqlXnu/ZKAlIlHV9IO+dbMto7/hCQ474vlIdMWk8QKo=
github.com/disgoorg/log v1.2.0/go.mod h1:3x1KDG6DI1CE2pDwi3qlwT3wlXpeHW/5rVay+1qDqOo=
github.com/disgoorg/snowflake/v2 v2.0.0 h1:+xvyyDddXmXLHmiG8SZiQ3sdZdZPbUR22fSHoqwkrOA=
github.com/disgoorg/snowflake/v2 v2.0.0/go.mod h1:SPU9c2CNn5DSyb86QcKtdZgix9osEtKrHLW4rMhfLCs=
github.com/disgoorg/utils/paginator v0.0.0-20220528122731-2a4e682de628 h1:Up6auKGH3zHN4SVJiNfHAoYlAjMNDLFdEFxymEb3MHY=
github.com/disgoorg/utils/paginator v0.0.0-20220528122731-2a4e682de628/go.mod h1:BfAUaIdXFn+3cU3BZT3DPfODlYY3w1talh0yjjf0rks=
github.com/disgoorg/utils/paginator v0.0.0-20220702232326-4d172e2902b6 h1:KWGoMUFtfsuasTPREcyJjdTFwkV5tS06pTiKZyoFtok=
github.com/disgoorg/utils/paginator v0.0.0-20220702232326-4d172e2902b6/go.mod h1:BFLPh0GbRwWdl7bmzL+L5QzvDjFXA9YVwbxJFvIzFds=
github.com/gorilla/websocket v1.5.0 h1:PPwGk2jz7EePpoHN/+ClbZu8SPxiqlu12wZP/3sWmnc=
github.com/gorilla/websocket v1.5.0/go.mod h1:YR8l580nyteQvAITg2hZ9XVh4b55+EU/adAjf1fMHhE=
github.com/pmezard/go-difflib v1.0.0 h1:4DBwDE0NGyQoBHbLQYPwSUPoCMWR5BEzIk/f1lZbAQM=
github.com/sasha-s/go-csync v0.0.0-20210812194225-61421b77c44b h1:qYTY2tN72LhgDj2rtWG+LI6TXFl2ygFQQ4YezfVaGQE=
github.com/sasha-s/go-csync v0.0.0-20210812194225-61421b77c44b/go.mod h1:/pA7k3zsXKdjjAiUhB5CjuKib9KJGCaLvZwtxGC8U0s=
github.com/stretchr/testify v1.7.0 h1:nwc3DEeHmmLAfoZucVR881uASk0Mfjw8xYJ99tb5CcY=
golang.org/x/exp v0.0.0-20220325121720-054d8573a5d8 h1:Xt4/LzbTwfocTk9ZLEu4onjeFucl88iW+v4j4PWbQuE=
golang.org/x/exp v0.0.0-20220325121720-054d8573a5d8/go.mod h1:lgLbSvA5ygNOMpwM/9anMpWVlVJ7Z+cHWq/eFuinpGE=
golang.org/x/exp v0.0.0-20220722155223-a9213eeb770e h1:+WEEuIdZHnUeJJmEUjyYC2gfUMj69yZXw17EnHg/otA=
golang.org/x/exp v0.0.0-20220722155223-a9213eeb770e/go.mod h1:Kr81I6Kryrl9sr8s2FK3vxD90NdsKWRuOIl2O4CvYbA=
gopkg.in/yaml.v3 v3.0.0-20200313102051-9f266ea9e77c h1:dUUwHk2QECo/6vqA44rthZ8ie2QXMNeKRTHCNY2nXvo=
